
Microsoft Visual Studio Solution File, Format Version 12.00
# Visual Studio 2013
VisualStudioVersion = 12.0.30723.0
MinimumVisualStudioVersion = 10.0.40219.1
Project("{FAE04EC0-301F-11D3-BF4B-00C04F79EFBC}") = "NAA", "NAA\NAA.csproj", "{98317253-5A26-4BF0-B6CB-89EC06C36187}"
EndProject
Project("{FAE04EC0-301F-11D3-BF4B-00C04F79EFBC}") = "NAA.Data", "NAA.Data\NAA.Data.csproj", "{88DA4722-4D52-435B-946E-167A232ACF7C}"
EndProject
Project("{FAE04EC0-301F-11D3-BF4B-00C04F79EFBC}") = "NAA.Services", "NAA.Service\NAA.Services.csproj", "{1E76F627-B264-4588-BDB5-2DF35F45CB01}"
EndProject
Project("{FAE04EC0-301F-11D3-BF4B-00C04F79EFBC}") = "NAA.WebServices", "NAA.WebServices\NAA.WebServices.csproj", "{69E655A4-28B6-4643-8904-B05AD7F5501B}"
EndProject
Global
	GlobalSection(SolutionConfigurationPlatforms) = preSolution
		Debug|Any CPU = Debug|Any CPU
		Release|Any CPU = Release|Any CPU
	EndGlobalSection
	GlobalSection(ProjectConfigurationPlatforms) = postSolution
		{98317253-5A26-4BF0-B6CB-89EC06C36187}.Debug|Any CPU.ActiveCfg = Debug|Any CPU
		{98317253-5A26-4BF0-B6CB-89EC06C36187}.Debug|Any CPU.Build.0 = Debug|Any CPU
		{98317253-5A26-4BF0-B6CB-89EC06C36187}.Release|Any CPU.ActiveCfg = Release|Any CPU
		{98317253-5A26-4BF0-B6CB-89EC06C36187}.Release|Any CPU.Build.0 = Release|Any CPU
		{88DA4722-4D52-435B-946E-167A232ACF7C}.Debug|Any CPU.ActiveCfg = Debug|Any CPU
		{88DA4722-4D52-435B-946E-167A232ACF7C}.Debug|Any CPU.Build.0 = Debug|Any CPU
		{88DA4722-4D52-435B-946E-167A232ACF7C}.Release|Any CPU.ActiveCfg = Release|Any CPU
		{88DA4722-4D52-435B-946E-167A232ACF7C}.Release|Any CPU.Build.0 = Release|Any CPU
		{1E76F627-B264-4588-BDB5-2DF35F45CB01}.Debug|Any CPU.ActiveCfg = Debug|Any CPU
		{1E76F627-B264-4588-BDB5-2DF35F45CB01}.Debug|Any CPU.Build.0 = Debug|Any CPU
		{1E76F627-B264-4588-BDB5-2DF35F45CB01}.Release|Any CPU.ActiveCfg = Release|Any CPU
		{1E76F627-B264-4588-BDB5-2DF35F45CB01}.Release|Any CPU.Build.0 = Release|Any CPU
		{69E655A4-28B6-4643-8904-B05AD7F5501B}.Debug|Any CPU.ActiveCfg = Debug|Any CPU
		{69E655A4-28B6-4643-8904-B05AD7F5501B}.Debug|Any CPU.Build.0 = Debug|Any CPU
		{69E655A4-28B6-4643-8904-B05AD7F5501B}.Release|Any CPU.ActiveCfg = Release|Any CPU
		{69E655A4-28B6-4643-8904-B05AD7F5501B}.Release|Any CPU.Build.0 = Release|Any CPU
	EndGlobalSection
	GlobalSection(SolutionProperties) = preSolution
		HideSolutionNode = FALSE
	EndGlobalSection
EndGlobal
